
Microsoft Visual Studio Solution File, Format Version 12.00
Project("{FAE04EC0-301F-11D3-BF4B-00C04F79EFBC}") = "NU1008", "NU1008/NU1008.csproj", "{EB806AE1-ABBF-4F1F-99EF-3123E43DC265}"
EndProject
Global
	GlobalSection(SolutionConfigurationPlatforms) = preSolution
		Debug|Any CPU = Debug|Any CPU
		Release|Any CPU = Release|Any CPU
	EndGlobalSection
	GlobalSection(ProjectConfigurationPlatforms) = postSolution
		{EB806AE1-ABBF-4F1F-99EF-3123E43DC265}.Debug|Any CPU.ActiveCfg = Debug|Any CPU
		{EB806AE1-ABBF-4F1F-99EF-3123E43DC265}.Debug|Any CPU.Build.0 = Debug|Any CPU
		{EB806AE1-ABBF-4F1F-99EF-3123E43DC265}.Release|Any CPU.ActiveCfg = Release|Any CPU
		{EB806AE1-ABBF-4F1F-99EF-3123E43DC265}.Release|Any CPU.Build.0 = Release|Any CPU
	EndGlobalSection
EndGlobal
